
Microsoft Visual Studio Solution File, Format Version 12.00
# Visual Studio 15
VisualStudioVersion = 15.0.27130.2024
MinimumVisualStudioVersion = 10.0.40219.1
Project("{FAE04EC0-301F-11D3-BF4B-00C04F79EFBC}") = "Dating API", "Dating API\Dating API.csproj", "{29E34D08-9C97-4C9E-9AB6-EE3FD105A3F5}"
EndProject
Global
	GlobalSection(SolutionConfigurationPlatforms) = preSolution
		Debug|Any CPU = Debug|Any CPU
		Release|Any CPU = Release|Any CPU
	EndGlobalSection
	GlobalSection(ProjectConfigurationPlatforms) = postSolution
		{29E34D08-9C97-4C9E-9AB6-EE3FD105A3F5}.Debug|Any CPU.ActiveCfg = Debug|Any CPU
		{29E34D08-9C97-4C9E-9AB6-EE3FD105A3F5}.Debug|Any CPU.Build.0 = Debug|Any CPU
		{29E34D08-9C97-4C9E-9AB6-EE3FD105A3F5}.Release|Any CPU.ActiveCfg = Release|Any CPU
		{29E34D08-9C97-4C9E-9AB6-EE3FD105A3F5}.Release|Any CPU.Build.0 = Release|Any CPU
	EndGlobalSection
	GlobalSection(SolutionProperties) = preSolution
		HideSolutionNode = FALSE
	EndGlobalSection
	GlobalSection(ExtensibilityGlobals) = postSolution
		SolutionGuid = {2B50952B-FB54-43CF-8CA1-FB58001C7359}
	EndGlobalSection
EndGlobal
